// !$*UTF8*$!
{
	archiveVersion = 1;
	classes = {
	};
	objectVersion = 55;
	objects = {

/* Begin PBXBuildFile section */
		5485621A27A58597001C6603 /* XCalendar in Frameworks */ = {isa = PBXBuildFile; productRef = 5485621927A58597001C6603 /* XCalendar */; };
		AC055D0127A33ACE00666E1B /* iAppStoreApp.swift in Sources */ = {isa = PBXBuildFile; fileRef = AC055D0027A33ACE00666E1B /* iAppStoreApp.swift */; };
		AC055D0527A33AD100666E1B /* Assets.xcassets in Resources */ = {isa = PBXBuildFile; fileRef = AC055D0427A33AD100666E1B /* Assets.xcassets */; };
		AC055D0827A33AD100666E1B /* Preview Assets.xcassets in Resources */ = {isa = PBXBuildFile; fileRef = AC055D0727A33AD100666E1B /* Preview Assets.xcassets */; };
		AC055D1227A33B8500666E1B /* DashboardViewModel.swift in Sources */ = {isa = PBXBuildFile; fileRef = AC055D0E27A33B8500666E1B /* DashboardViewModel.swift */; };
		AC055D1327A33B8500666E1B /* DashboardView.swift in Sources */ = {isa = PBXBuildFile; fileRef = AC055D0F27A33B8500666E1B /* DashboardView.swift */; };
		AC055D1427A33B8500666E1B /* ImageAssets.swift in Sources */ = {isa = PBXBuildFile; fileRef = AC055D1027A33B8500666E1B /* ImageAssets.swift */; };
		AC055D1527A33B8500666E1B /* DashboardModel.swift in Sources */ = {isa = PBXBuildFile; fileRef = AC055D1127A33B8500666E1B /* DashboardModel.swift */; };
		AC055D3D27A45E7800666E1B /* Color+Extension.swift in Sources */ = {isa = PBXBuildFile; fileRef = AC055D3C27A45E7800666E1B /* Color+Extension.swift */; };
		AC055D4127A4790300666E1B /* Cenima in Frameworks */ = {isa = PBXBuildFile; productRef = AC055D4027A4790300666E1B /* Cenima */; settings = {ATTRIBUTES = (Required, ); }; };
/* End PBXBuildFile section */

/* Begin PBXFileReference section */
		5485621827A5853C001C6603 /* XCalendar */ = {isa = PBXFileReference; lastKnownFileType = folder; path = XCalendar; sourceTree = "<group>"; };
		AC055CFD27A33ACE00666E1B /* iAppStore.app */ = {isa = PBXFileReference; explicitFileType = wrapper.application; includeInIndex = 0; path = iAppStore.app; sourceTree = BUILT_PRODUCTS_DIR; };
		AC055D0027A33ACE00666E1B /* iAppStoreApp.swift */ = {isa = PBXFileReference; lastKnownFileType = sourcecode.swift; path = iAppStoreApp.swift; sourceTree = "<group>"; };
		AC055D0427A33AD100666E1B /* Assets.xcassets */ = {isa = PBXFileReference; lastKnownFileType = folder.assetcatalog; path = Assets.xcassets; sourceTree = "<group>"; };
		AC055D0727A33AD100666E1B /* Preview Assets.xcassets */ = {isa = PBXFileReference; lastKnownFileType = folder.assetcatalog; path = "Preview Assets.xcassets"; sourceTree = "<group>"; };
		AC055D0E27A33B8500666E1B /* DashboardViewModel.swift */ = {isa = PBXFileReference; fileEncoding = 4; lastKnownFileType = sourcecode.swift; path = DashboardViewModel.swift; sourceTree = "<group>"; };
		AC055D0F27A33B8500666E1B /* DashboardView.swift */ = {isa = PBXFileReference; fileEncoding = 4; lastKnownFileType = sourcecode.swift; path = DashboardView.swift; sourceTree = "<group>"; };
		AC055D1027A33B8500666E1B /* ImageAssets.swift */ = {isa = PBXFileReference; fileEncoding = 4; lastKnownFileType = sourcecode.swift; path = ImageAssets.swift; sourceTree = "<group>"; };
		AC055D1127A33B8500666E1B /* DashboardModel.swift */ = {isa = PBXFileReference; fileEncoding = 4; lastKnownFileType = sourcecode.swift; path = DashboardModel.swift; sourceTree = "<group>"; };
		AC055D3B27A3D73D00666E1B /* Info.plist */ = {isa = PBXFileReference; lastKnownFileType = text.plist; path = Info.plist; sourceTree = "<group>"; };
		AC055D3C27A45E7800666E1B /* Color+Extension.swift */ = {isa = PBXFileReference; lastKnownFileType = sourcecode.swift; path = "Color+Extension.swift"; sourceTree = "<group>"; };
		AC055D3E27A4605C00666E1B /* Cenima */ = {isa = PBXFileReference; lastKnownFileType = wrapper; path = Cenima; sourceTree = "<group>"; };
/* End PBXFileReference section */

/* Begin PBXFrameworksBuildPhase section */
		AC055CFA27A33ACE00666E1B /* Frameworks */ = {
			isa = PBXFrameworksBuildPhase;
			buildActionMask = 2147483647;
			files = (
				AC055D4127A4790300666E1B /* Cenima in Frameworks */,
				5485621A27A58597001C6603 /* XCalendar in Frameworks */,
			);
			runOnlyForDeploymentPostprocessing = 0;
		};
/* End PBXFrameworksBuildPhase section */

/* Begin PBXGroup section */
		AC055CF427A33ACE00666E1B = {
			isa = PBXGroup;
			children = (
				5485621827A5853C001C6603 /* XCalendar */,
				AC055D3E27A4605C00666E1B /* Cenima */,
				AC055CFF27A33ACE00666E1B /* iAppStore */,
				AC055CFE27A33ACE00666E1B /* Products */,
				AC055D3F27A4790300666E1B /* Frameworks */,
			);
			sourceTree = "<group>";
		};
		AC055CFE27A33ACE00666E1B /* Products */ = {
			isa = PBXGroup;
			children = (
				AC055CFD27A33ACE00666E1B /* iAppStore.app */,
			);
			name = Products;
			sourceTree = "<group>";
		};
		AC055CFF27A33ACE00666E1B /* iAppStore */ = {
			isa = PBXGroup;
			children = (
				AC055D3B27A3D73D00666E1B /* Info.plist */,
				AC055D0027A33ACE00666E1B /* iAppStoreApp.swift */,
				AC055D1127A33B8500666E1B /* DashboardModel.swift */,
				AC055D0F27A33B8500666E1B /* DashboardView.swift */,
				AC055D0E27A33B8500666E1B /* DashboardViewModel.swift */,
				AC055D1027A33B8500666E1B /* ImageAssets.swift */,
				AC055D3C27A45E7800666E1B /* Color+Extension.swift */,
				AC055D0427A33AD100666E1B /* Assets.xcassets */,
				AC055D0627A33AD100666E1B /* Preview Content */,
			);
			path = iAppStore;
			sourceTree = "<group>";
		};
		AC055D0627A33AD100666E1B /* Preview Content */ = {
			isa = PBXGroup;
			children = (
				AC055D0727A33AD100666E1B /* Preview Assets.xcassets */,
			);
			path = "Preview Content";
			sourceTree = "<group>";
		};
		AC055D3F27A4790300666E1B /* Frameworks */ = {
			isa = PBXGroup;
			children = (
			);
			name = Frameworks;
			sourceTree = "<group>";
		};
/* End PBXGroup section */

/* Begin PBXNativeTarget section */
		AC055CFC27A33ACE00666E1B /* iAppStore */ = {
			isa = PBXNativeTarget;
			buildConfigurationList = AC055D0B27A33AD100666E1B /* Build configuration list for PBXNativeTarget "iAppStore" */;
			buildPhases = (
				AC055CF927A33ACE00666E1B /* Sources */,
				AC055CFA27A33ACE00666E1B /* Frameworks */,
				AC055CFB27A33ACE00666E1B /* Resources */,
			);
			buildRules = (
			);
			dependencies = (
			);
			name = iAppStore;
			packageProductDependencies = (
				AC055D4027A4790300666E1B /* Cenima */,
				5485621927A58597001C6603 /* XCalendar */,
			);
			productName = iAppStore;
			productReference = AC055CFD27A33ACE00666E1B /* iAppStore.app */;
			productType = "com.apple.product-type.application";
		};
/* End PBXNativeTarget section */

/* Begin PBXProject section */
		AC055CF527A33ACE00666E1B /* Project object */ = {
			isa = PBXProject;
			attributes = {
				BuildIndependentTargetsInParallel = 1;
				LastSwiftUpdateCheck = 1320;
				LastUpgradeCheck = 1320;
				TargetAttributes = {
					AC055CFC27A33ACE00666E1B = {
						CreatedOnToolsVersion = 13.2.1;
					};
				};
			};
			buildConfigurationList = AC055CF827A33ACE00666E1B /* Build configuration list for PBXProject "iAppStore" */;
			compatibilityVersion = "Xcode 13.0";
			developmentRegion = en;
			hasScannedForEncodings = 0;
			knownRegions = (
				en,
				Base,
			);
			mainGroup = AC055CF427A33ACE00666E1B;
			packageReferences = (
			);
			productRefGroup = AC055CFE27A33ACE00666E1B /* Products */;
			projectDirPath = "";
			projectRoot = "";
			targets = (
				AC055CFC27A33ACE00666E1B /* iAppStore */,
			);
		};
/* End PBXProject section */

/* Begin PBXResourcesBuildPhase section */
		AC055CFB27A33ACE00666E1B /* Resources */ = {
			isa = PBXResourcesBuildPhase;
			buildActionMask = 2147483647;
			files = (
				AC055D0827A33AD100666E1B /* Preview Assets.xcassets in Resources */,
				AC055D0527A33AD100666E1B /* Assets.xcassets in Resources */,
			);
			runOnlyForDeploymentPostprocessing = 0;
		};
/* End PBXResourcesBuildPhase section */

/* Begin PBXSourcesBuildPhase section */
		AC055CF927A33ACE00666E1B /* Sources */ = {
			isa = PBXSourcesBuildPhase;
			buildActionMask = 2147483647;
			files = (
				AC055D1427A33B8500666E1B /* ImageAssets.swift in Sources */,
				AC055D3D27A45E7800666E1B /* Color+Extension.swift in Sources */,
				AC055D1227A33B8500666E1B /* DashboardViewModel.swift in Sources */,
				AC055D1327A33B8500666E1B /* DashboardView.swift in Sources */,
				AC055D1527A33B8500666E1B /* DashboardModel.swift in Sources */,
				AC055D0127A33ACE00666E1B /* iAppStoreApp.swift in Sources */,
			);
			runOnlyForDeploymentPostprocessing = 0;
		};
/* End PBXSourcesBuildPhase section */

/* Begin XCBuildConfiguration section */
		AC055D0927A33AD100666E1B /* Debug */ = {
			isa = XCBuildConfiguration;
			buildSettings = {
				ALWAYS_SEARCH_USER_PATHS = NO;
				CLANG_ANALYZER_NONNULL = YES;
				CLANG_ANALYZER_NUMBER_OBJECT_CONVERSION = YES_AGGRESSIVE;
				CLANG_CXX_LANGUAGE_STANDARD = "gnu++17";
				CLANG_CXX_LIBRARY = "libc++";
				CLANG_ENABLE_MODULES = YES;
				CLANG_ENABLE_OBJC_ARC = YES;
				CLANG_ENABLE_OBJC_WEAK = YES;
				CLANG_WARN_BLOCK_CAPTURE_AUTORELEASING = YES;
				CLANG_WARN_BOOL_CONVERSION = YES;
				CLANG_WARN_COMMA = YES;
				CLANG_WARN_CONSTANT_CONVERSION = YES;
				CLANG_WARN_DEPRECATED_OBJC_IMPLEMENTATIONS = YES;
				CLANG_WARN_DIRECT_OBJC_ISA_USAGE = YES_ERROR;
				CLANG_WARN_DOCUMENTATION_COMMENTS = YES;
				CLANG_WARN_EMPTY_BODY = YES;
				CLANG_WARN_ENUM_CONVERSION = YES;
				CLANG_WARN_INFINITE_RECURSION = YES;
				CLANG_WARN_INT_CONVERSION = YES;
				CLANG_WARN_NON_LITERAL_NULL_CONVERSION = YES;
				CLANG_WARN_OBJC_IMPLICIT_RETAIN_SELF = YES;
				CLANG_WARN_OBJC_LITERAL_CONVERSION = YES;
				CLANG_WARN_OBJC_ROOT_CLASS = YES_ERROR;
				CLANG_WARN_QUOTED_INCLUDE_IN_FRAMEWORK_HEADER = YES;
				CLANG_WARN_RANGE_LOOP_ANALYSIS = YES;
				CLANG_WARN_STRICT_PROTOTYPES = YES;
				CLANG_WARN_SUSPICIOUS_MOVE = YES;
				CLANG_WARN_UNGUARDED_AVAILABILITY = YES_AGGRESSIVE;
				CLANG_WARN_UNREACHABLE_CODE = YES;
				CLANG_WARN__DUPLICATE_METHOD_MATCH = YES;
				COPY_PHASE_STRIP = NO;
				DEBUG_INFORMATION_FORMAT = dwarf;
				ENABLE_STRICT_OBJC_MSGSEND = YES;
				ENABLE_TESTABILITY = YES;
				GCC_C_LANGUAGE_STANDARD = gnu11;
				GCC_DYNAMIC_NO_PIC = NO;
				GCC_NO_COMMON_BLOCKS = YES;
				GCC_OPTIMIZATION_LEVEL = 0;
				GCC_PREPROCESSOR_DEFINITIONS = (
					"DEBUG=1",
					"$(inherited)",
				);
				GCC_WARN_64_TO_32_BIT_CONVERSION = YES;
				GCC_WARN_ABOUT_RETURN_TYPE = YES_ERROR;
				GCC_WARN_UNDECLARED_SELECTOR = YES;
				GCC_WARN_UNINITIALIZED_AUTOS = YES_AGGRESSIVE;
				GCC_WARN_UNUSED_FUNCTION = YES;
				GCC_WARN_UNUSED_VARIABLE = YES;
				IPHONEOS_DEPLOYMENT_TARGET = 14.0;
				MTL_ENABLE_DEBUG_INFO = INCLUDE_SOURCE;
				MTL_FAST_MATH = YES;
				ONLY_ACTIVE_ARCH = YES;
				SDKROOT = iphoneos;
				SWIFT_ACTIVE_COMPILATION_CONDITIONS = DEBUG;
				SWIFT_OPTIMIZATION_LEVEL = "-Onone";
			};
			name = Debug;
		};
		AC055D0A27A33AD100666E1B /* Release */ = {
			isa = XCBuildConfiguration;
			buildSettings = {
				ALWAYS_SEARCH_USER_PATHS = NO;
				CLANG_ANALYZER_NONNULL = YES;
				CLANG_ANALYZER_NUMBER_OBJECT_CONVERSION = YES_AGGRESSIVE;
				CLANG_CXX_LANGUAGE_STANDARD = "gnu++17";
				CLANG_CXX_LIBRARY = "libc++";
				CLANG_ENABLE_MODULES = YES;
				CLANG_ENABLE_OBJC_ARC = YES;
				CLANG_ENABLE_OBJC_WEAK = YES;
				CLANG_WARN_BLOCK_CAPTURE_AUTORELEASING = YES;
				CLANG_WARN_BOOL_CONVERSION = YES;
				CLANG_WARN_COMMA = YES;
				CLANG_WARN_CONSTANT_CONVERSION = YES;
				CLANG_WARN_DEPRECATED_OBJC_IMPLEMENTATIONS = YES;
				CLANG_WARN_DIRECT_OBJC_ISA_USAGE = YES_ERROR;
				CLANG_WARN_DOCUMENTATION_COMMENTS = YES;
				CLANG_WARN_EMPTY_BODY = YES;
				CLANG_WARN_ENUM_CONVERSION = YES;
				CLANG_WARN_INFINITE_RECURSION = YES;
				CLANG_WARN_INT_CONVERSION = YES;
				CLANG_WARN_NON_LITERAL_NULL_CONVERSION = YES;
				CLANG_WARN_OBJC_IMPLICIT_RETAIN_SELF = YES;
				CLANG_WARN_OBJC_LITERAL_CONVERSION = YES;
				CLANG_WARN_OBJC_ROOT_CLASS = YES_ERROR;
				CLANG_WARN_QUOTED_INCLUDE_IN_FRAMEWORK_HEADER = YES;
				CLANG_WARN_RANGE_LOOP_ANALYSIS = YES;
				CLANG_WARN_STRICT_PROTOTYPES = YES;
				CLANG_WARN_SUSPICIOUS_MOVE = YES;
				CLANG_WARN_UNGUARDED_AVAILABILITY = YES_AGGRESSIVE;
				CLANG_WARN_UNREACHABLE_CODE = YES;
				CLANG_WARN__DUPLICATE_METHOD_MATCH = YES;
				COPY_PHASE_STRIP = NO;
				DEBUG_INFORMATION_FORMAT = "dwarf-with-dsym";
				ENABLE_NS_ASSERTIONS = NO;
				ENABLE_STRICT_OBJC_MSGSEND = YES;
				GCC_C_LANGUAGE_STANDARD = gnu11;
				GCC_NO_COMMON_BLOCKS = YES;
				GCC_WARN_64_TO_32_BIT_CONVERSION = YES;
				GCC_WARN_ABOUT_RETURN_TYPE = YES_ERROR;
				GCC_WARN_UNDECLARED_SELECTOR = YES;
				GCC_WARN_UNINITIALIZED_AUTOS = YES_AGGRESSIVE;
				GCC_WARN_UNUSED_FUNCTION = YES;
				GCC_WARN_UNUSED_VARIABLE = YES;
				IPHONEOS_DEPLOYMENT_TARGET = 14.0;
				MTL_ENABLE_DEBUG_INFO = NO;
				MTL_FAST_MATH = YES;
				SDKROOT = iphoneos;
				SWIFT_COMPILATION_MODE = wholemodule;
				SWIFT_OPTIMIZATION_LEVEL = "-O";
				VALIDATE_PRODUCT = YES;
			};
			name = Release;
		};
		AC055D0C27A33AD100666E1B /* Debug */ = {
			isa = XCBuildConfiguration;
			buildSettings = {
				ASSETCATALOG_COMPILER_APPICON_NAME = AppIcon;
				ASSETCATALOG_COMPILER_GLOBAL_ACCENT_COLOR_NAME = AccentColor;
				CODE_SIGN_STYLE = Automatic;
				CURRENT_PROJECT_VERSION = 3;
				DEVELOPMENT_ASSET_PATHS = "\"iAppStore/Preview Content\"";
				DEVELOPMENT_TEAM = 898D22Z9A6;
				ENABLE_PREVIEWS = YES;
				GENERATE_INFOPLIST_FILE = YES;
				INFOPLIST_FILE = iAppStore/Info.plist;
				INFOPLIST_KEY_CFBundleDisplayName = "My Apps Info";
				INFOPLIST_KEY_UIApplicationSceneManifest_Generation = YES;
				INFOPLIST_KEY_UIApplicationSupportsIndirectInputEvents = YES;
				INFOPLIST_KEY_UILaunchScreen_Generation = YES;
				INFOPLIST_KEY_UISupportedInterfaceOrientations = UIInterfaceOrientationPortrait;
				INFOPLIST_KEY_UISupportedInterfaceOrientations_iPad = "UIInterfaceOrientationPortrait UIInterfaceOrientationPortraitUpsideDown UIInterfaceOrientationLandscapeLeft UIInterfaceOrientationLandscapeRight";
				INFOPLIST_KEY_UISupportedInterfaceOrientations_iPhone = "UIInterfaceOrientationPortrait UIInterfaceOrientationLandscapeLeft UIInterfaceOrientationLandscapeRight";
				IPHONEOS_DEPLOYMENT_TARGET = 14.0;
				LD_RUNPATH_SEARCH_PATHS = (
					"$(inherited)",
					"@executable_path/Frameworks",
				);
				MARKETING_VERSION = 1.0;
				PRODUCT_BUNDLE_IDENTIFIER = "Mohammad-Mugish.iAppStore";
				PRODUCT_NAME = "$(TARGET_NAME)";
				SWIFT_EMIT_LOC_STRINGS = YES;
				SWIFT_VERSION = 5.0;
				TARGETED_DEVICE_FAMILY = 1;
			};
			name = Debug;
		};
		AC055D0D27A33AD100666E1B /* Release */ = {
			isa = XCBuildConfiguration;
			buildSettings = {
				ASSETCATALOG_COMPILER_APPICON_NAME = AppIcon;
				ASSETCATALOG_COMPILER_GLOBAL_ACCENT_COLOR_NAME = AccentColor;
				CODE_SIGN_STYLE = Automatic;
				CURRENT_PROJECT_VERSION = 3;
				DEVELOPMENT_ASSET_PATHS = "\"iAppStore/Preview Content\"";
				DEVELOPMENT_TEAM = 898D22Z9A6;
				ENABLE_PREVIEWS = YES;
				GENERATE_INFOPLIST_FILE = YES;
				INFOPLIST_FILE = iAppStore/Info.plist;
				INFOPLIST_KEY_CFBundleDisplayName = "My Apps Info";
				INFOPLIST_KEY_UIApplicationSceneManifest_Generation = YES;
				INFOPLIST_KEY_UIApplicationSupportsIndirectInputEvents = YES;
				INFOPLIST_KEY_UILaunchScreen_Generation = YES;
				INFOPLIST_KEY_UISupportedInterfaceOrientations = UIInterfaceOrientationPortrait;
				INFOPLIST_KEY_UISupportedInterfaceOrientations_iPad = "UIInterfaceOrientationPortrait UIInterfaceOrientationPortraitUpsideDown UIInterfaceOrientationLandscapeLeft UIInterfaceOrientationLandscapeRight";
				INFOPLIST_KEY_UISupportedInterfaceOrientations_iPhone = "UIInterfaceOrientationPortrait UIInterfaceOrientationLandscapeLeft UIInterfaceOrientationLandscapeRight";
				IPHONEOS_DEPLOYMENT_TARGET = 14.0;
				LD_RUNPATH_SEARCH_PATHS = (
					"$(inherited)",
					"@executable_path/Frameworks",
				);
				MARKETING_VERSION = 1.0;
				PRODUCT_BUNDLE_IDENTIFIER = "Mohammad-Mugish.iAppStore";
				PRODUCT_NAME = "$(TARGET_NAME)";
				SWIFT_EMIT_LOC_STRINGS = YES;
				SWIFT_VERSION = 5.0;
				TARGETED_DEVICE_FAMILY = 1;
			};
			name = Release;
		};
/* End XCBuildConfiguration section */

/* Begin XCConfigurationList section */
		AC055CF827A33ACE00666E1B /* Build configuration list for PBXProject "iAppStore" */ = {
			isa = XCConfigurationList;
			buildConfigurations = (
				AC055D0927A33AD100666E1B /* Debug */,
				AC055D0A27A33AD100666E1B /* Release */,
			);
			defaultConfigurationIsVisible = 0;
			defaultConfigurationName = Release;
		};
		AC055D0B27A33AD100666E1B /* Build configuration list for PBXNativeTarget "iAppStore" */ = {
			isa = XCConfigurationList;
			buildConfigurations = (
				AC055D0C27A33AD100666E1B /* Debug */,
				AC055D0D27A33AD100666E1B /* Release */,
			);
			defaultConfigurationIsVisible = 0;
			defaultConfigurationName = Release;
		};
/* End XCConfigurationList section */

/* Begin XCSwiftPackageProductDependency section */
		5485621927A58597001C6603 /* XCalendar */ = {
			isa = XCSwiftPackageProductDependency;
			productName = XCalendar;
		};
		AC055D4027A4790300666E1B /* Cenima */ = {
			isa = XCSwiftPackageProductDependency;
			productName = Cenima;
		};
/* End XCSwiftPackageProductDependency section */
	};
	rootObject = AC055CF527A33ACE00666E1B /* Project object */;
}
